
Microsoft Visual Studio Solution File, Format Version 12.00
# Visual Studio Version 17
VisualStudioVersion = 17.5.002.0
MinimumVisualStudioVersion = 10.0.40219.1
Project("{9A19103F-16F7-4668-BE54-9A1E7A4F7556}") = "HomeEnergyUsageApi", "HomeEnergyUsageApi\HomeEnergyUsageApi.csproj", "{934BB940-3B53-49C7-8B70-993085D6F253}"
EndProject
Project("{9A19103F-16F7-4668-BE54-9A1E7A4F7556}") = "HomeEnergyUsageApi.Tests", "HomeEnergyUsageApi.Tests\HomeEnergyUsageApi.Tests.csproj", "{AFF97C1F-496D-4792-97AD-D85CFAA96C92}"
EndProject
Global
	GlobalSection(SolutionConfigurationPlatforms) = preSolution
		Debug|Any CPU = Debug|Any CPU
		Release|Any CPU = Release|Any CPU
	EndGlobalSection
	GlobalSection(ProjectConfigurationPlatforms) = postSolution
		{934BB940-3B53-49C7-8B70-993085D6F253}.Debug|Any CPU.ActiveCfg = Debug|Any CPU
		{934BB940-3B53-49C7-8B70-993085D6F253}.Debug|Any CPU.Build.0 = Debug|Any CPU
		{934BB940-3B53-49C7-8B70-993085D6F253}.Release|Any CPU.ActiveCfg = Release|Any CPU
		{934BB940-3B53-49C7-8B70-993085D6F253}.Release|Any CPU.Build.0 = Release|Any CPU
		{AFF97C1F-496D-4792-97AD-D85CFAA96C92}.Debug|Any CPU.ActiveCfg = Debug|Any CPU
		{AFF97C1F-496D-4792-97AD-D85CFAA96C92}.Debug|Any CPU.Build.0 = Debug|Any CPU
		{AFF97C1F-496D-4792-97AD-D85CFAA96C92}.Release|Any CPU.ActiveCfg = Release|Any CPU
		{AFF97C1F-496D-4792-97AD-D85CFAA96C92}.Release|Any CPU.Build.0 = Release|Any CPU
	EndGlobalSection
	GlobalSection(SolutionProperties) = preSolution
		HideSolutionNode = FALSE
	EndGlobalSection
	GlobalSection(ExtensibilityGlobals) = postSolution
		SolutionGuid = {F1613776-373F-4FCC-96FF-533F843E259D}
	EndGlobalSection
EndGlobal
